
Microsoft Visual Studio Solution File, Format Version 12.00
# Visual Studio 15
VisualStudioVersion = 15.0.28010.2026
MinimumVisualStudioVersion = 10.0.40219.1
Project("{FAE04EC0-301F-11D3-BF4B-00C04F79EFBC}") = "Microsoft.Xades", "Microsoft.Xades\Microsoft.Xades.csproj", "{D8532454-D902-4FFB-93AE-F0CD81860DC2}"
EndProject
Project("{FAE04EC0-301F-11D3-BF4B-00C04F79EFBC}") = "FirmaXadesNetCore", "FirmaXadesNetCore\FirmaXadesNetCore.csproj", "{EB45F382-E154-4E56-8321-D0B6767150D0}"
EndProject
Global
	GlobalSection(SolutionConfigurationPlatforms) = preSolution
		Debug|Any CPU = Debug|Any CPU
		Debug|Mixed Platforms = Debug|Mixed Platforms
		Debug|x86 = Debug|x86
		Release|Any CPU = Release|Any CPU
		Release|Mixed Platforms = Release|Mixed Platforms
		Release|x86 = Release|x86
	EndGlobalSection
	GlobalSection(ProjectConfigurationPlatforms) = postSolution
		{D8532454-D902-4FFB-93AE-F0CD81860DC2}.Debug|Any CPU.ActiveCfg = Debug|Any CPU
		{D8532454-D902-4FFB-93AE-F0CD81860DC2}.Debug|Any CPU.Build.0 = Debug|Any CPU
		{D8532454-D902-4FFB-93AE-F0CD81860DC2}.Debug|Mixed Platforms.ActiveCfg = Debug|Any CPU
		{D8532454-D902-4FFB-93AE-F0CD81860DC2}.Debug|Mixed Platforms.Build.0 = Debug|Any CPU
		{D8532454-D902-4FFB-93AE-F0CD81860DC2}.Debug|x86.ActiveCfg = Debug|Any CPU
		{D8532454-D902-4FFB-93AE-F0CD81860DC2}.Debug|x86.Build.0 = Debug|Any CPU
		{D8532454-D902-4FFB-93AE-F0CD81860DC2}.Release|Any CPU.ActiveCfg = Release|Any CPU
		{D8532454-D902-4FFB-93AE-F0CD81860DC2}.Release|Any CPU.Build.0 = Release|Any CPU
		{D8532454-D902-4FFB-93AE-F0CD81860DC2}.Release|Mixed Platforms.ActiveCfg = Release|Any CPU
		{D8532454-D902-4FFB-93AE-F0CD81860DC2}.Release|Mixed Platforms.Build.0 = Release|Any CPU
		{D8532454-D902-4FFB-93AE-F0CD81860DC2}.Release|x86.ActiveCfg = Release|Any CPU
		{D8532454-D902-4FFB-93AE-F0CD81860DC2}.Release|x86.Build.0 = Release|Any CPU
		{EB45F382-E154-4E56-8321-D0B6767150D0}.Debug|Any CPU.ActiveCfg = Debug|Any CPU
		{EB45F382-E154-4E56-8321-D0B6767150D0}.Debug|Any CPU.Build.0 = Debug|Any CPU
		{EB45F382-E154-4E56-8321-D0B6767150D0}.Debug|Mixed Platforms.ActiveCfg = Debug|Any CPU
		{EB45F382-E154-4E56-8321-D0B6767150D0}.Debug|Mixed Platforms.Build.0 = Debug|Any CPU
		{EB45F382-E154-4E56-8321-D0B6767150D0}.Debug|x86.ActiveCfg = Debug|Any CPU
		{EB45F382-E154-4E56-8321-D0B6767150D0}.Debug|x86.Build.0 = Debug|Any CPU
		{EB45F382-E154-4E56-8321-D0B6767150D0}.Release|Any CPU.ActiveCfg = Release|Any CPU
		{EB45F382-E154-4E56-8321-D0B6767150D0}.Release|Any CPU.Build.0 = Release|Any CPU
		{EB45F382-E154-4E56-8321-D0B6767150D0}.Release|Mixed Platforms.ActiveCfg = Release|Any CPU
		{EB45F382-E154-4E56-8321-D0B6767150D0}.Release|Mixed Platforms.Build.0 = Release|Any CPU
		{EB45F382-E154-4E56-8321-D0B6767150D0}.Release|x86.ActiveCfg = Release|Any CPU
		{EB45F382-E154-4E56-8321-D0B6767150D0}.Release|x86.Build.0 = Release|Any CPU
	EndGlobalSection
	GlobalSection(SolutionProperties) = preSolution
		HideSolutionNode = FALSE
	EndGlobalSection
	GlobalSection(ExtensibilityGlobals) = postSolution
		SolutionGuid = {72E8FDFE-4BBB-4BD7-B015-C6F81673EB20}
	EndGlobalSection
EndGlobal
